
Microsoft Visual Studio Solution File, Format Version 12.00
# Visual Studio 2012
Project("{FAE04EC0-301F-11D3-BF4B-00C04F79EFBC}") = "OpenTable.Services.Statsd.Attributes", "Project\OpenTable.Services.Statsd.Attributes.csproj", "{DC40F137-95ED-4224-9EEC-566EEB04D8EC}"
EndProject
Global
	GlobalSection(SolutionConfigurationPlatforms) = preSolution
		Debug|Any CPU = Debug|Any CPU
		Release|Any CPU = Release|Any CPU
	EndGlobalSection
	GlobalSection(ProjectConfigurationPlatforms) = postSolution
		{DC40F137-95ED-4224-9EEC-566EEB04D8EC}.Debug|Any CPU.ActiveCfg = Debug|Any CPU
		{DC40F137-95ED-4224-9EEC-566EEB04D8EC}.Debug|Any CPU.Build.0 = Debug|Any CPU
		{DC40F137-95ED-4224-9EEC-566EEB04D8EC}.Release|Any CPU.ActiveCfg = Release|Any CPU
		{DC40F137-95ED-4224-9EEC-566EEB04D8EC}.Release|Any CPU.Build.0 = Release|Any CPU
	EndGlobalSection
	GlobalSection(SolutionProperties) = preSolution
		HideSolutionNode = FALSE
	EndGlobalSection
EndGlobal
